
Microsoft Visual Studio Solution File, Format Version 12.00
# Visual Studio Version 17
VisualStudioVersion = 17.0.31903.59
MinimumVisualStudioVersion = 10.0.40219.1
Project("{2150E333-8FDC-42A3-9474-1A3956D46DE8}") = "test", "test", "{5B2B0638-7B77-48A7-9284-83E45A17B3DE}"
EndProject
Project("{FAE04EC0-301F-11D3-BF4B-00C04F79EFBC}") = "Nemonuri.Trees.Forests.Tests", "test\Nemonuri.Trees.Forests.Tests\Nemonuri.Trees.Forests.Tests.csproj", "{FE934CC7-5202-4B04-9FFE-31FEBA0BC682}"
EndProject
Project("{FAE04EC0-301F-11D3-BF4B-00C04F79EFBC}") = "Nemonuri.Graphs.Infrastructure", "Nemonuri.Graphs.Infrastructure\Nemonuri.Graphs.Infrastructure.csproj", "{6A339973-0670-4DFD-AEE3-51A5B6E754B0}"
EndProject
Global
	GlobalSection(SolutionConfigurationPlatforms) = preSolution
		Debug|Any CPU = Debug|Any CPU
		Debug|x64 = Debug|x64
		Debug|x86 = Debug|x86
		Release|Any CPU = Release|Any CPU
		Release|x64 = Release|x64
		Release|x86 = Release|x86
	EndGlobalSection
	GlobalSection(ProjectConfigurationPlatforms) = postSolution
		{FE934CC7-5202-4B04-9FFE-31FEBA0BC682}.Debug|Any CPU.ActiveCfg = Debug|Any CPU
		{FE934CC7-5202-4B04-9FFE-31FEBA0BC682}.Debug|Any CPU.Build.0 = Debug|Any CPU
		{FE934CC7-5202-4B04-9FFE-31FEBA0BC682}.Debug|x64.ActiveCfg = Debug|Any CPU
		{FE934CC7-5202-4B04-9FFE-31FEBA0BC682}.Debug|x64.Build.0 = Debug|Any CPU
		{FE934CC7-5202-4B04-9FFE-31FEBA0BC682}.Debug|x86.ActiveCfg = Debug|Any CPU
		{FE934CC7-5202-4B04-9FFE-31FEBA0BC682}.Debug|x86.Build.0 = Debug|Any CPU
		{FE934CC7-5202-4B04-9FFE-31FEBA0BC682}.Release|Any CPU.ActiveCfg = Release|Any CPU
		{FE934CC7-5202-4B04-9FFE-31FEBA0BC682}.Release|Any CPU.Build.0 = Release|Any CPU
		{FE934CC7-5202-4B04-9FFE-31FEBA0BC682}.Release|x64.ActiveCfg = Release|Any CPU
		{FE934CC7-5202-4B04-9FFE-31FEBA0BC682}.Release|x64.Build.0 = Release|Any CPU
		{FE934CC7-5202-4B04-9FFE-31FEBA0BC682}.Release|x86.ActiveCfg = Release|Any CPU
		{FE934CC7-5202-4B04-9FFE-31FEBA0BC682}.Release|x86.Build.0 = Release|Any CPU
		{6A339973-0670-4DFD-AEE3-51A5B6E754B0}.Debug|Any CPU.ActiveCfg = Debug|Any CPU
		{6A339973-0670-4DFD-AEE3-51A5B6E754B0}.Debug|Any CPU.Build.0 = Debug|Any CPU
		{6A339973-0670-4DFD-AEE3-51A5B6E754B0}.Debug|x64.ActiveCfg = Debug|Any CPU
		{6A339973-0670-4DFD-AEE3-51A5B6E754B0}.Debug|x64.Build.0 = Debug|Any CPU
		{6A339973-0670-4DFD-AEE3-51A5B6E754B0}.Debug|x86.ActiveCfg = Debug|Any CPU
		{6A339973-0670-4DFD-AEE3-51A5B6E754B0}.Debug|x86.Build.0 = Debug|Any CPU
		{6A339973-0670-4DFD-AEE3-51A5B6E754B0}.Release|Any CPU.ActiveCfg = Release|Any CPU
		{6A339973-0670-4DFD-AEE3-51A5B6E754B0}.Release|Any CPU.Build.0 = Release|Any CPU
		{6A339973-0670-4DFD-AEE3-51A5B6E754B0}.Release|x64.ActiveCfg = Release|Any CPU
		{6A339973-0670-4DFD-AEE3-51A5B6E754B0}.Release|x64.Build.0 = Release|Any CPU
		{6A339973-0670-4DFD-AEE3-51A5B6E754B0}.Release|x86.ActiveCfg = Release|Any CPU
		{6A339973-0670-4DFD-AEE3-51A5B6E754B0}.Release|x86.Build.0 = Release|Any CPU
	EndGlobalSection
	GlobalSection(SolutionProperties) = preSolution
		HideSolutionNode = FALSE
	EndGlobalSection
	GlobalSection(NestedProjects) = preSolution
		{FE934CC7-5202-4B04-9FFE-31FEBA0BC682} = {5B2B0638-7B77-48A7-9284-83E45A17B3DE}
	EndGlobalSection
EndGlobal
